
Microsoft Visual Studio Solution File, Format Version 12.00
# Visual Studio 15
VisualStudioVersion = 15.0.28010.2036
MinimumVisualStudioVersion = 10.0.40219.1
Project("{FAE04EC0-301F-11D3-BF4B-00C04F79EFBC}") = "TestProject", "TestProject\TestProject.csproj", "{0D510D36-F44D-4ADF-905E-0A2A7888BDDA}"
EndProject
Global
	GlobalSection(SolutionConfigurationPlatforms) = preSolution
		Debug|Any CPU = Debug|Any CPU
		Release|Any CPU = Release|Any CPU
	EndGlobalSection
	GlobalSection(ProjectConfigurationPlatforms) = postSolution
		{0D510D36-F44D-4ADF-905E-0A2A7888BDDA}.Debug|Any CPU.ActiveCfg = Debug|Any CPU
		{0D510D36-F44D-4ADF-905E-0A2A7888BDDA}.Debug|Any CPU.Build.0 = Debug|Any CPU
		{0D510D36-F44D-4ADF-905E-0A2A7888BDDA}.Release|Any CPU.ActiveCfg = Release|Any CPU
		{0D510D36-F44D-4ADF-905E-0A2A7888BDDA}.Release|Any CPU.Build.0 = Release|Any CPU
	EndGlobalSection
	GlobalSection(SolutionProperties) = preSolution
		HideSolutionNode = FALSE
	EndGlobalSection
	GlobalSection(ExtensibilityGlobals) = postSolution
		SolutionGuid = {EE13AEA3-6B88-4D2B-A1DE-903D05C13AD2}
	EndGlobalSection
EndGlobal
